
Microsoft Visual Studio Solution File, Format Version 12.00
# Visual Studio Version 17
VisualStudioVersion = 17.3.32929.385
MinimumVisualStudioVersion = 10.0.40219.1
Project("{9A19103F-16F7-4668-BE54-9A1E7A4F7556}") = "QuickCrop", "myApp\QuickCrop.csproj", "{9039C229-660E-41B0-8E1D-F8E2F24B0863}"
EndProject
Global
	GlobalSection(SolutionConfigurationPlatforms) = preSolution
		Debug|Any CPU = Debug|Any CPU
		Release|Any CPU = Release|Any CPU
	EndGlobalSection
	GlobalSection(ProjectConfigurationPlatforms) = postSolution
		{9039C229-660E-41B0-8E1D-F8E2F24B0863}.Debug|Any CPU.ActiveCfg = Debug|Any CPU
		{9039C229-660E-41B0-8E1D-F8E2F24B0863}.Debug|Any CPU.Build.0 = Debug|Any CPU
		{9039C229-660E-41B0-8E1D-F8E2F24B0863}.Release|Any CPU.ActiveCfg = Release|Any CPU
		{9039C229-660E-41B0-8E1D-F8E2F24B0863}.Release|Any CPU.Build.0 = Release|Any CPU
	EndGlobalSection
	GlobalSection(SolutionProperties) = preSolution
		HideSolutionNode = FALSE
	EndGlobalSection
	GlobalSection(ExtensibilityGlobals) = postSolution
		SolutionGuid = {B8EFEA12-E02A-4C64-8342-B2A9334A9F28}
	EndGlobalSection
EndGlobal
